// !$*UTF8*$!
{
	archiveVersion = 1;
	classes = {
	};
	objectVersion = 50;
	objects = {

/* Begin PBXBuildFile section */
		C122837B21D3563700E3462A /* AppDelegate.m in Sources */ = {isa = PBXBuildFile; fileRef = C122837A21D3563700E3462A /* AppDelegate.m */; };
		C122837E21D3563700E3462A /* ViewController.m in Sources */ = {isa = PBXBuildFile; fileRef = C122837D21D3563700E3462A /* ViewController.m */; };
		C122838121D3563700E3462A /* Main.storyboard in Resources */ = {isa = PBXBuildFile; fileRef = C122837F21D3563700E3462A /* Main.storyboard */; };
		C122838321D3563E00E3462A /* Assets.xcassets in Resources */ = {isa = PBXBuildFile; fileRef = C122838221D3563E00E3462A /* Assets.xcassets */; };
		C122838621D3563E00E3462A /* LaunchScreen.storyboard in Resources */ = {isa = PBXBuildFile; fileRef = C122838421D3563E00E3462A /* LaunchScreen.storyboard */; };
		C122838921D3563E00E3462A /* main.m in Sources */ = {isa = PBXBuildFile; fileRef = C122838821D3563E00E3462A /* main.m */; };
		C122839321D3563F00E3462A /* TreeDemoTests.m in Sources */ = {isa = PBXBuildFile; fileRef = C122839221D3563F00E3462A /* TreeDemoTests.m */; };
		C122839E21D3563F00E3462A /* TreeDemoUITests.m in Sources */ = {isa = PBXBuildFile; fileRef = C122839D21D3563F00E3462A /* TreeDemoUITests.m */; };
		C12283B121D3580900E3462A /* RTTreeItem.m in Sources */ = {isa = PBXBuildFile; fileRef = C12283B021D3580900E3462A /* RTTreeItem.m */; };
		C12283B421D35B0B00E3462A /* RTTreeTableManager.m in Sources */ = {isa = PBXBuildFile; fileRef = C12283B321D35B0B00E3462A /* RTTreeTableManager.m */; };
		C12283B721D35D0000E3462A /* RTTreeTableViewCell.m in Sources */ = {isa = PBXBuildFile; fileRef = C12283B621D35D0000E3462A /* RTTreeTableViewCell.m */; };
		C12283BA21D35DDF00E3462A /* RTTreeTableViewController.m in Sources */ = {isa = PBXBuildFile; fileRef = C12283B921D35DDF00E3462A /* RTTreeTableViewController.m */; };
		C12283BD21D3600800E3462A /* RTVC.m in Sources */ = {isa = PBXBuildFile; fileRef = C12283BC21D3600800E3462A /* RTVC.m */; };
		C12283BF21D3605100E3462A /* City_Resource.json in Resources */ = {isa = PBXBuildFile; fileRef = C12283BE21D3605100E3462A /* City_Resource.json */; };
		C12283C121D3605B00E3462A /* MYTreeTableView.bundle in Resources */ = {isa = PBXBuildFile; fileRef = C12283C021D3605B00E3462A /* MYTreeTableView.bundle */; };
		CD257C2924E3F9DCE857CDA9 /* libPods-TreeDemo.a in Frameworks */ = {isa = PBXBuildFile; fileRef = 89C0F12F7E3D4AF83333EC03 /* libPods-TreeDemo.a */; };
/* End PBXBuildFile section */

/* Begin PBXContainerItemProxy section */
		C122838F21D3563F00E3462A /* PBXContainerItemProxy */ = {
			isa = PBXContainerItemProxy;
			containerPortal = C122836E21D3563700E3462A /* Project object */;
			proxyType = 1;
			remoteGlobalIDString = C122837521D3563700E3462A;
			remoteInfo = TreeDemo;
		};
		C122839A21D3563F00E3462A /* PBXContainerItemProxy */ = {
			isa = PBXContainerItemProxy;
			containerPortal = C122836E21D3563700E3462A /* Project object */;
			proxyType = 1;
			remoteGlobalIDString = C122837521D3563700E3462A;
			remoteInfo = TreeDemo;
		};
/* End PBXContainerItemProxy section */

/* Begin PBXFileReference section */
		0F8496DC0AD1D28EEC348655 /* Pods-TreeDemo.release.xcconfig */ = {isa = PBXFileReference; includeInIndex = 1; lastKnownFileType = text.xcconfig; name = "Pods-TreeDemo.release.xcconfig"; path = "Pods/Target Support Files/Pods-TreeDemo/Pods-TreeDemo.release.xcconfig"; sourceTree = "<group>"; };
		89C0F12F7E3D4AF83333EC03 /* libPods-TreeDemo.a */ = {isa = PBXFileReference; explicitFileType = archive.ar; includeInIndex = 0; path = "libPods-TreeDemo.a"; sourceTree = BUILT_PRODUCTS_DIR; };
		C122837621D3563700E3462A /* TreeDemo.app */ = {isa = PBXFileReference; explicitFileType = wrapper.application; includeInIndex = 0; path = TreeDemo.app; sourceTree = BUILT_PRODUCTS_DIR; };
		C122837921D3563700E3462A /* AppDelegate.h */ = {isa = PBXFileReference; lastKnownFileType = sourcecode.c.h; path = AppDelegate.h; sourceTree = "<group>"; };
		C122837A21D3563700E3462A /* AppDelegate.m */ = {isa = PBXFileReference; lastKnownFileType = sourcecode.c.objc; path = AppDelegate.m; sourceTree = "<group>"; };
		C122837C21D3563700E3462A /* ViewController.h */ = {isa = PBXFileReference; lastKnownFileType = sourcecode.c.h; path = ViewController.h; sourceTree = "<group>"; };
		C122837D21D3563700E3462A /* ViewController.m */ = {isa = PBXFileReference; lastKnownFileType = sourcecode.c.objc; path = ViewController.m; sourceTree = "<group>"; };
		C122838021D3563700E3462A /* Base */ = {isa = PBXFileReference; lastKnownFileType = file.storyboard; name = Base; path = Base.lproj/Main.storyboard; sourceTree = "<group>"; };
		C122838221D3563E00E3462A /* Assets.xcassets */ = {isa = PBXFileReference; lastKnownFileType = folder.assetcatalog; path = Assets.xcassets; sourceTree = "<group>"; };
		C122838521D3563E00E3462A /* Base */ = {isa = PBXFileReference; lastKnownFileType = file.storyboard; name = Base; path = Base.lproj/LaunchScreen.storyboard; sourceTree = "<group>"; };
		C122838721D3563E00E3462A /* Info.plist */ = {isa = PBXFileReference; lastKnownFileType = text.plist.xml; path = Info.plist; sourceTree = "<group>"; };
		C122838821D3563E00E3462A /* main.m */ = {isa = PBXFileReference; lastKnownFileType = sourcecode.c.objc; path = main.m; sourceTree = "<group>"; };
		C122838E21D3563F00E3462A /* TreeDemoTests.xctest */ = {isa = PBXFileReference; explicitFileType = wrapper.cfbundle; includeInIndex = 0; path = TreeDemoTests.xctest; sourceTree = BUILT_PRODUCTS_DIR; };
		C122839221D3563F00E3462A /* TreeDemoTests.m */ = {isa = PBXFileReference; lastKnownFileType = sourcecode.c.objc; path = TreeDemoTests.m; sourceTree = "<group>"; };
		C122839421D3563F00E3462A /* Info.plist */ = {isa = PBXFileReference; lastKnownFileType = text.plist.xml; path = Info.plist; sourceTree = "<group>"; };
		C122839921D3563F00E3462A /* TreeDemoUITests.xctest */ = {isa = PBXFileReference; explicitFileType = wrapper.cfbundle; includeInIndex = 0; path = TreeDemoUITests.xctest; sourceTree = BUILT_PRODUCTS_DIR; };
		C122839D21D3563F00E3462A /* TreeDemoUITests.m */ = {isa = PBXFileReference; lastKnownFileType = sourcecode.c.objc; path = TreeDemoUITests.m; sourceTree = "<group>"; };
		C122839F21D3563F00E3462A /* Info.plist */ = {isa = PBXFileReference; lastKnownFileType = text.plist.xml; path = Info.plist; sourceTree = "<group>"; };
		C12283AB21D356CD00E3462A /* PrefixHeader.pch */ = {isa = PBXFileReference; lastKnownFileType = sourcecode.c.h; path = PrefixHeader.pch; sourceTree = "<group>"; };
		C12283AF21D3580900E3462A /* RTTreeItem.h */ = {isa = PBXFileReference; lastKnownFileType = sourcecode.c.h; path = RTTreeItem.h; sourceTree = "<group>"; };
		C12283B021D3580900E3462A /* RTTreeItem.m */ = {isa = PBXFileReference; lastKnownFileType = sourcecode.c.objc; path = RTTreeItem.m; sourceTree = "<group>"; };
		C12283B221D35B0B00E3462A /* RTTreeTableManager.h */ = {isa = PBXFileReference; lastKnownFileType = sourcecode.c.h; path = RTTreeTableManager.h; sourceTree = "<group>"; };
		C12283B321D35B0B00E3462A /* RTTreeTableManager.m */ = {isa = PBXFileReference; lastKnownFileType = sourcecode.c.objc; path = RTTreeTableManager.m; sourceTree = "<group>"; };
		C12283B521D35D0000E3462A /* RTTreeTableViewCell.h */ = {isa = PBXFileReference; lastKnownFileType = sourcecode.c.h; path = RTTreeTableViewCell.h; sourceTree = "<group>"; };
		C12283B621D35D0000E3462A /* RTTreeTableViewCell.m */ = {isa = PBXFileReference; lastKnownFileType = sourcecode.c.objc; path = RTTreeTableViewCell.m; sourceTree = "<group>"; };
		C12283B821D35DDF00E3462A /* RTTreeTableViewController.h */ = {isa = PBXFileReference; lastKnownFileType = sourcecode.c.h; path = RTTreeTableViewController.h; sourceTree = "<group>"; };
		C12283B921D35DDF00E3462A /* RTTreeTableViewController.m */ = {isa = PBXFileReference; lastKnownFileType = sourcecode.c.objc; path = RTTreeTableViewController.m; sourceTree = "<group>"; };
		C12283BB21D3600800E3462A /* RTVC.h */ = {isa = PBXFileReference; lastKnownFileType = sourcecode.c.h; path = RTVC.h; sourceTree = "<group>"; };
		C12283BC21D3600800E3462A /* RTVC.m */ = {isa = PBXFileReference; lastKnownFileType = sourcecode.c.objc; path = RTVC.m; sourceTree = "<group>"; };
		C12283BE21D3605100E3462A /* City_Resource.json */ = {isa = PBXFileReference; fileEncoding = 4; lastKnownFileType = text.json; path = City_Resource.json; sourceTree = "<group>"; };
		C12283C021D3605B00E3462A /* MYTreeTableView.bundle */ = {isa = PBXFileReference; lastKnownFileType = "wrapper.plug-in"; path = MYTreeTableView.bundle; sourceTree = "<group>"; };
		F943B8AE2D1A891633564CC9 /* Pods-TreeDemo.debug.xcconfig */ = {isa = PBXFileReference; includeInIndex = 1; lastKnownFileType = text.xcconfig; name = "Pods-TreeDemo.debug.xcconfig"; path = "Pods/Target Support Files/Pods-TreeDemo/Pods-TreeDemo.debug.xcconfig"; sourceTree = "<group>"; };
/* End PBXFileReference section */

/* Begin PBXFrameworksBuildPhase section */
		C122837321D3563700E3462A /* Frameworks */ = {
			isa = PBXFrameworksBuildPhase;
			buildActionMask = 2147483647;
			files = (
				CD257C2924E3F9DCE857CDA9 /* libPods-TreeDemo.a in Frameworks */,
			);
			runOnlyForDeploymentPostprocessing = 0;
		};
		C122838B21D3563F00E3462A /* Frameworks */ = {
			isa = PBXFrameworksBuildPhase;
			buildActionMask = 2147483647;
			files = (
			);
			runOnlyForDeploymentPostprocessing = 0;
		};
		C122839621D3563F00E3462A /* Frameworks */ = {
			isa = PBXFrameworksBuildPhase;
			buildActionMask = 2147483647;
			files = (
			);
			runOnlyForDeploymentPostprocessing = 0;
		};
/* End PBXFrameworksBuildPhase section */

/* Begin PBXGroup section */
		146DD639455E0BACE67563C7 /* Pods */ = {
			isa = PBXGroup;
			children = (
				F943B8AE2D1A891633564CC9 /* Pods-TreeDemo.debug.xcconfig */,
				0F8496DC0AD1D28EEC348655 /* Pods-TreeDemo.release.xcconfig */,
			);
			name = Pods;
			sourceTree = "<group>";
		};
		185798B62F5BF0CE17E81BE3 /* Frameworks */ = {
			isa = PBXGroup;
			children = (
				89C0F12F7E3D4AF83333EC03 /* libPods-TreeDemo.a */,
			);
			name = Frameworks;
			sourceTree = "<group>";
		};
		C122836D21D3563700E3462A = {
			isa = PBXGroup;
			children = (
				C122837821D3563700E3462A /* TreeDemo */,
				C122839121D3563F00E3462A /* TreeDemoTests */,
				C122839C21D3563F00E3462A /* TreeDemoUITests */,
				C122837721D3563700E3462A /* Products */,
				146DD639455E0BACE67563C7 /* Pods */,
				185798B62F5BF0CE17E81BE3 /* Frameworks */,
			);
			sourceTree = "<group>";
		};
		C122837721D3563700E3462A /* Products */ = {
			isa = PBXGroup;
			children = (
				C122837621D3563700E3462A /* TreeDemo.app */,
				C122838E21D3563F00E3462A /* TreeDemoTests.xctest */,
				C122839921D3563F00E3462A /* TreeDemoUITests.xctest */,
			);
			name = Products;
			sourceTree = "<group>";
		};
		C122837821D3563700E3462A /* TreeDemo */ = {
			isa = PBXGroup;
			children = (
				C12283C021D3605B00E3462A /* MYTreeTableView.bundle */,
				C122837921D3563700E3462A /* AppDelegate.h */,
				C122837A21D3563700E3462A /* AppDelegate.m */,
				C122837C21D3563700E3462A /* ViewController.h */,
				C122837D21D3563700E3462A /* ViewController.m */,
				C12283AF21D3580900E3462A /* RTTreeItem.h */,
				C12283B021D3580900E3462A /* RTTreeItem.m */,
				C12283B221D35B0B00E3462A /* RTTreeTableManager.h */,
				C12283B321D35B0B00E3462A /* RTTreeTableManager.m */,
				C12283B521D35D0000E3462A /* RTTreeTableViewCell.h */,
				C12283B621D35D0000E3462A /* RTTreeTableViewCell.m */,
				C12283B821D35DDF00E3462A /* RTTreeTableViewController.h */,
				C12283B921D35DDF00E3462A /* RTTreeTableViewController.m */,
				C12283BB21D3600800E3462A /* RTVC.h */,
				C12283BC21D3600800E3462A /* RTVC.m */,
				C12283BE21D3605100E3462A /* City_Resource.json */,
				C122837F21D3563700E3462A /* Main.storyboard */,
				C122838221D3563E00E3462A /* Assets.xcassets */,
				C122838421D3563E00E3462A /* LaunchScreen.storyboard */,
				C122838721D3563E00E3462A /* Info.plist */,
				C122838821D3563E00E3462A /* main.m */,
				C12283AB21D356CD00E3462A /* PrefixHeader.pch */,
			);
			path = TreeDemo;
			sourceTree = "<group>";
		};
		C122839121D3563F00E3462A /* TreeDemoTests */ = {
			isa = PBXGroup;
			children = (
				C122839221D3563F00E3462A /* TreeDemoTests.m */,
				C122839421D3563F00E3462A /* Info.plist */,
			);
			path = TreeDemoTests;
			sourceTree = "<group>";
		};
		C122839C21D3563F00E3462A /* TreeDemoUITests */ = {
			isa = PBXGroup;
			children = (
				C122839D21D3563F00E3462A /* TreeDemoUITests.m */,
				C122839F21D3563F00E3462A /* Info.plist */,
			);
			path = TreeDemoUITests;
			sourceTree = "<group>";
		};
/* End PBXGroup section */

/* Begin PBXNativeTarget section */
		C122837521D3563700E3462A /* TreeDemo */ = {
			isa = PBXNativeTarget;
			buildConfigurationList = C12283A221D3563F00E3462A /* Build configuration list for PBXNativeTarget "TreeDemo" */;
			buildPhases = (
				B7C47892F5ECB879E1CABB86 /* [CP] Check Pods Manifest.lock */,
				C122837221D3563700E3462A /* Sources */,
				C122837321D3563700E3462A /* Frameworks */,
				C122837421D3563700E3462A /* Resources */,
			);
			buildRules = (
			);
			dependencies = (
			);
			name = TreeDemo;
			productName = TreeDemo;
			productReference = C122837621D3563700E3462A /* TreeDemo.app */;
			productType = "com.apple.product-type.application";
		};
		C122838D21D3563F00E3462A /* TreeDemoTests */ = {
			isa = PBXNativeTarget;
			buildConfigurationList = C12283A521D3563F00E3462A /* Build configuration list for PBXNativeTarget "TreeDemoTests" */;
			buildPhases = (
				C122838A21D3563F00E3462A /* Sources */,
				C122838B21D3563F00E3462A /* Frameworks */,
				C122838C21D3563F00E3462A /* Resources */,
			);
			buildRules = (
			);
			dependencies = (
				C122839021D3563F00E3462A /* PBXTargetDependency */,
			);
			name = TreeDemoTests;
			productName = TreeDemoTests;
			productReference = C122838E21D3563F00E3462A /* TreeDemoTests.xctest */;
			productType = "com.apple.product-type.bundle.unit-test";
		};
		C122839821D3563F00E3462A /* TreeDemoUITests */ = {
			isa = PBXNativeTarget;
			buildConfigurationList = C12283A821D3563F00E3462A /* Build configuration list for PBXNativeTarget "TreeDemoUITests" */;
			buildPhases = (
				C122839521D3563F00E3462A /* Sources */,
				C122839621D3563F00E3462A /* Frameworks */,
				C122839721D3563F00E3462A /* Resources */,
			);
			buildRules = (
			);
			dependencies = (
				C122839B21D3563F00E3462A /* PBXTargetDependency */,
			);
			name = TreeDemoUITests;
			productName = TreeDemoUITests;
			productReference = C122839921D3563F00E3462A /* TreeDemoUITests.xctest */;
			productType = "com.apple.product-type.bundle.ui-testing";
		};
/* End PBXNativeTarget section */

/* Begin PBXProject section */
		C122836E21D3563700E3462A /* Project object */ = {
			isa = PBXProject;
			attributes = {
				LastUpgradeCheck = 1010;
				ORGANIZATIONNAME = isoft;
				TargetAttributes = {
					C122837521D3563700E3462A = {
						CreatedOnToolsVersion = 10.1;
					};
					C122838D21D3563F00E3462A = {
						CreatedOnToolsVersion = 10.1;
						TestTargetID = C122837521D3563700E3462A;
					};
					C122839821D3563F00E3462A = {
						CreatedOnToolsVersion = 10.1;
						TestTargetID = C122837521D3563700E3462A;
					};
				};
			};
			buildConfigurationList = C122837121D3563700E3462A /* Build configuration list for PBXProject "TreeDemo" */;
			compatibilityVersion = "Xcode 9.3";
			developmentRegion = en;
			hasScannedForEncodings = 0;
			knownRegions = (
				en,
				Base,
			);
			mainGroup = C122836D21D3563700E3462A;
			productRefGroup = C122837721D3563700E3462A /* Products */;
			projectDirPath = "";
			projectRoot = "";
			targets = (
				C122837521D3563700E3462A /* TreeDemo */,
				C122838D21D3563F00E3462A /* TreeDemoTests */,
				C122839821D3563F00E3462A /* TreeDemoUITests */,
			);
		};
/* End PBXProject section */

/* Begin PBXResourcesBuildPhase section */
		C122837421D3563700E3462A /* Resources */ = {
			isa = PBXResourcesBuildPhase;
			buildActionMask = 2147483647;
			files = (
				C122838621D3563E00E3462A /* LaunchScreen.storyboard in Resources */,
				C122838321D3563E00E3462A /* Assets.xcassets in Resources */,
				C12283BF21D3605100E3462A /* City_Resource.json in Resources */,
				C12283C121D3605B00E3462A /* MYTreeTableView.bundle in Resources */,
				C122838121D3563700E3462A /* Main.storyboard in Resources */,
			);
			runOnlyForDeploymentPostprocessing = 0;
		};
		C122838C21D3563F00E3462A /* Resources */ = {
			isa = PBXResourcesBuildPhase;
			buildActionMask = 2147483647;
			files = (
			);
			runOnlyForDeploymentPostprocessing = 0;
		};
		C122839721D3563F00E3462A /* Resources */ = {
			isa = PBXResourcesBuildPhase;
			buildActionMask = 2147483647;
			files = (
			);
			runOnlyForDeploymentPostprocessing = 0;
		};
/* End PBXResourcesBuildPhase section */

/* Begin PBXShellScriptBuildPhase section */
		B7C47892F5ECB879E1CABB86 /* [CP] Check Pods Manifest.lock */ = {
			isa = PBXShellScriptBuildPhase;
			buildActionMask = 2147483647;
			files = (
			);
			inputFileListPaths = (
			);
			inputPaths = (
				"${PODS_PODFILE_DIR_PATH}/Podfile.lock",
				"${PODS_ROOT}/Manifest.lock",
			);
			name = "[CP] Check Pods Manifest.lock";
			outputFileListPaths = (
			);
			outputPaths = (
				"$(DERIVED_FILE_DIR)/Pods-TreeDemo-checkManifestLockResult.txt",
			);
			runOnlyForDeploymentPostprocessing = 0;
			shellPath = /bin/sh;
			shellScript = "diff \"${PODS_PODFILE_DIR_PATH}/Podfile.lock\" \"${PODS_ROOT}/Manifest.lock\" > /dev/null\nif [ $? != 0 ] ; then\n    # print error to STDERR\n    echo \"error: The sandbox is not in sync with the Podfile.lock. Run 'pod install' or update your CocoaPods installation.\" >&2\n    exit 1\nfi\n# This output is used by Xcode 'outputs' to avoid re-running this script phase.\necho \"SUCCESS\" > \"${SCRIPT_OUTPUT_FILE_0}\"\n";
			showEnvVarsInLog = 0;
		};
/* End PBXShellScriptBuildPhase section */

/* Begin PBXSourcesBuildPhase section */
		C122837221D3563700E3462A /* Sources */ = {
			isa = PBXSourcesBuildPhase;
			buildActionMask = 2147483647;
			files = (
				C12283BD21D3600800E3462A /* RTVC.m in Sources */,
				C12283B121D3580900E3462A /* RTTreeItem.m in Sources */,
				C12283BA21D35DDF00E3462A /* RTTreeTableViewController.m in Sources */,
				C12283B421D35B0B00E3462A /* RTTreeTableManager.m in Sources */,
				C122837E21D3563700E3462A /* ViewController.m in Sources */,
				C12283B721D35D0000E3462A /* RTTreeTableViewCell.m in Sources */,
				C122838921D3563E00E3462A /* main.m in Sources */,
				C122837B21D3563700E3462A /* AppDelegate.m in Sources */,
			);
			runOnlyForDeploymentPostprocessing = 0;
		};
		C122838A21D3563F00E3462A /* Sources */ = {
			isa = PBXSourcesBuildPhase;
			buildActionMask = 2147483647;
			files = (
				C122839321D3563F00E3462A /* TreeDemoTests.m in Sources */,
			);
			runOnlyForDeploymentPostprocessing = 0;
		};
		C122839521D3563F00E3462A /* Sources */ = {
			isa = PBXSourcesBuildPhase;
			buildActionMask = 2147483647;
			files = (
				C122839E21D3563F00E3462A /* TreeDemoUITests.m in Sources */,
			);
			runOnlyForDeploymentPostprocessing = 0;
		};
/* End PBXSourcesBuildPhase section */

/* Begin PBXTargetDependency section */
		C122839021D3563F00E3462A /* PBXTargetDependency */ = {
			isa = PBXTargetDependency;
			target = C122837521D3563700E3462A /* TreeDemo */;
			targetProxy = C122838F21D3563F00E3462A /* PBXContainerItemProxy */;
		};
		C122839B21D3563F00E3462A /* PBXTargetDependency */ = {
			isa = PBXTargetDependency;
			target = C122837521D3563700E3462A /* TreeDemo */;
			targetProxy = C122839A21D3563F00E3462A /* PBXContainerItemProxy */;
		};
/* End PBXTargetDependency section */

/* Begin PBXVariantGroup section */
		C122837F21D3563700E3462A /* Main.storyboard */ = {
			isa = PBXVariantGroup;
			children = (
				C122838021D3563700E3462A /* Base */,
			);
			name = Main.storyboard;
			sourceTree = "<group>";
		};
		C122838421D3563E00E3462A /* LaunchScreen.storyboard */ = {
			isa = PBXVariantGroup;
			children = (
				C122838521D3563E00E3462A /* Base */,
			);
			name = LaunchScreen.storyboard;
			sourceTree = "<group>";
		};
/* End PBXVariantGroup section */

/* Begin XCBuildConfiguration section */
		C12283A021D3563F00E3462A /* Debug */ = {
			isa = XCBuildConfiguration;
			buildSettings = {
				ALWAYS_SEARCH_USER_PATHS = NO;
				CLANG_ANALYZER_NONNULL = YES;
				CLANG_ANALYZER_NUMBER_OBJECT_CONVERSION = YES_AGGRESSIVE;
				CLANG_CXX_LANGUAGE_STANDARD = "gnu++14";
				CLANG_CXX_LIBRARY = "libc++";
				CLANG_ENABLE_MODULES = YES;
				CLANG_ENABLE_OBJC_ARC = YES;
				CLANG_ENABLE_OBJC_WEAK = YES;
				CLANG_WARN_BLOCK_CAPTURE_AUTORELEASING = YES;
				CLANG_WARN_BOOL_CONVERSION = YES;
				CLANG_WARN_COMMA = YES;
				CLANG_WARN_CONSTANT_CONVERSION = YES;
				CLANG_WARN_DEPRECATED_OBJC_IMPLEMENTATIONS = YES;
				CLANG_WARN_DIRECT_OBJC_ISA_USAGE = YES_ERROR;
				CLANG_WARN_DOCUMENTATION_COMMENTS = YES;
				CLANG_WARN_EMPTY_BODY = YES;
				CLANG_WARN_ENUM_CONVERSION = YES;
				CLANG_WARN_INFINITE_RECURSION = YES;
				CLANG_WARN_INT_CONVERSION = YES;
				CLANG_WARN_NON_LITERAL_NULL_CONVERSION = YES;
				CLANG_WARN_OBJC_IMPLICIT_RETAIN_SELF = YES;
				CLANG_WARN_OBJC_LITERAL_CONVERSION = YES;
				CLANG_WARN_OBJC_ROOT_CLASS = YES_ERROR;
				CLANG_WARN_RANGE_LOOP_ANALYSIS = YES;
				CLANG_WARN_STRICT_PROTOTYPES = YES;
				CLANG_WARN_SUSPICIOUS_MOVE = YES;
				CLANG_WARN_UNGUARDED_AVAILABILITY = YES_AGGRESSIVE;
				CLANG_WARN_UNREACHABLE_CODE = YES;
				CLANG_WARN__DUPLICATE_METHOD_MATCH = YES;
				CODE_SIGN_IDENTITY = "iPhone Developer";
				COPY_PHASE_STRIP = NO;
				DEBUG_INFORMATION_FORMAT = dwarf;
				ENABLE_STRICT_OBJC_MSGSEND = YES;
				ENABLE_TESTABILITY = YES;
				GCC_C_LANGUAGE_STANDARD = gnu11;
				GCC_DYNAMIC_NO_PIC = NO;
				GCC_NO_COMMON_BLOCKS = YES;
				GCC_OPTIMIZATION_LEVEL = 0;
				GCC_PREPROCESSOR_DEFINITIONS = (
					"DEBUG=1",
					"$(inherited)",
				);
				GCC_WARN_64_TO_32_BIT_CONVERSION = YES;
				GCC_WARN_ABOUT_RETURN_TYPE = YES_ERROR;
				GCC_WARN_UNDECLARED_SELECTOR = YES;
				GCC_WARN_UNINITIALIZED_AUTOS = YES_AGGRESSIVE;
				GCC_WARN_UNUSED_FUNCTION = YES;
				GCC_WARN_UNUSED_VARIABLE = YES;
				IPHONEOS_DEPLOYMENT_TARGET = 12.1;
				MTL_ENABLE_DEBUG_INFO = INCLUDE_SOURCE;
				MTL_FAST_MATH = YES;
				ONLY_ACTIVE_ARCH = YES;
				SDKROOT = iphoneos;
			};
			name = Debug;
		};
		C12283A121D3563F00E3462A /* Release */ = {
			isa = XCBuildConfiguration;
			buildSettings = {
				ALWAYS_SEARCH_USER_PATHS = NO;
				CLANG_ANALYZER_NONNULL = YES;
				CLANG_ANALYZER_NUMBER_OBJECT_CONVERSION = YES_AGGRESSIVE;
				CLANG_CXX_LANGUAGE_STANDARD = "gnu++14";
				CLANG_CXX_LIBRARY = "libc++";
				CLANG_ENABLE_MODULES = YES;
				CLANG_ENABLE_OBJC_ARC = YES;
				CLANG_ENABLE_OBJC_WEAK = YES;
				CLANG_WARN_BLOCK_CAPTURE_AUTORELEASING = YES;
				CLANG_WARN_BOOL_CONVERSION = YES;
				CLANG_WARN_COMMA = YES;
				CLANG_WARN_CONSTANT_CONVERSION = YES;
				CLANG_WARN_DEPRECATED_OBJC_IMPLEMENTATIONS = YES;
				CLANG_WARN_DIRECT_OBJC_ISA_USAGE = YES_ERROR;
				CLANG_WARN_DOCUMENTATION_COMMENTS = YES;
				CLANG_WARN_EMPTY_BODY = YES;
				CLANG_WARN_ENUM_CONVERSION = YES;
				CLANG_WARN_INFINITE_RECURSION = YES;
				CLANG_WARN_INT_CONVERSION = YES;
				CLANG_WARN_NON_LITERAL_NULL_CONVERSION = YES;
				CLANG_WARN_OBJC_IMPLICIT_RETAIN_SELF = YES;
				CLANG_WARN_OBJC_LITERAL_CONVERSION = YES;
				CLANG_WARN_OBJC_ROOT_CLASS = YES_ERROR;
				CLANG_WARN_RANGE_LOOP_ANALYSIS = YES;
				CLANG_WARN_STRICT_PROTOTYPES = YES;
				CLANG_WARN_SUSPICIOUS_MOVE = YES;
				CLANG_WARN_UNGUARDED_AVAILABILITY = YES_AGGRESSIVE;
				CLANG_WARN_UNREACHABLE_CODE = YES;
				CLANG_WARN__DUPLICATE_METHOD_MATCH = YES;
				CODE_SIGN_IDENTITY = "iPhone Developer";
				COPY_PHASE_STRIP = NO;
				DEBUG_INFORMATION_FORMAT = "dwarf-with-dsym";
				ENABLE_NS_ASSERTIONS = NO;
				ENABLE_STRICT_OBJC_MSGSEND = YES;
				GCC_C_LANGUAGE_STANDARD = gnu11;
				GCC_NO_COMMON_BLOCKS = YES;
				GCC_WARN_64_TO_32_BIT_CONVERSION = YES;
				GCC_WARN_ABOUT_RETURN_TYPE = YES_ERROR;
				GCC_WARN_UNDECLARED_SELECTOR = YES;
				GCC_WARN_UNINITIALIZED_AUTOS = YES_AGGRESSIVE;
				GCC_WARN_UNUSED_FUNCTION = YES;
				GCC_WARN_UNUSED_VARIABLE = YES;
				IPHONEOS_DEPLOYMENT_TARGET = 12.1;
				MTL_ENABLE_DEBUG_INFO = NO;
				MTL_FAST_MATH = YES;
				SDKROOT = iphoneos;
				VALIDATE_PRODUCT = YES;
			};
			name = Release;
		};
		C12283A321D3563F00E3462A /* Debug */ = {
			isa = XCBuildConfiguration;
			baseConfigurationReference = F943B8AE2D1A891633564CC9 /* Pods-TreeDemo.debug.xcconfig */;
			buildSettings = {
				ASSETCATALOG_COMPILER_APPICON_NAME = AppIcon;
				CODE_SIGN_STYLE = Automatic;
				DEVELOPMENT_TEAM = FT576V2RPV;
				GCC_PREFIX_HEADER = $SRCROOT/TreeDemo/PrefixHeader.pch;
				INFOPLIST_FILE = TreeDemo/Info.plist;
				IPHONEOS_DEPLOYMENT_TARGET = 9.0;
				LD_RUNPATH_SEARCH_PATHS = (
					"$(inherited)",
					"@executable_path/Frameworks",
				);
				PRODUCT_BUNDLE_IDENTIFIER = com.isoftstone.TreeDemo;
				PRODUCT_NAME = "$(TARGET_NAME)";
				TARGETED_DEVICE_FAMILY = "1,2";
			};
			name = Debug;
		};
		C12283A421D3563F00E3462A /* Release */ = {
			isa = XCBuildConfiguration;
			baseConfigurationReference = 0F8496DC0AD1D28EEC348655 /* Pods-TreeDemo.release.xcconfig */;
			buildSettings = {
				ASSETCATALOG_COMPILER_APPICON_NAME = AppIcon;
				CODE_SIGN_STYLE = Automatic;
				DEVELOPMENT_TEAM = FT576V2RPV;
				GCC_PREFIX_HEADER = $SRCROOT/TreeDemo/PrefixHeader.pch;
				INFOPLIST_FILE = TreeDemo/Info.plist;
				IPHONEOS_DEPLOYMENT_TARGET = 9.0;
				LD_RUNPATH_SEARCH_PATHS = (
					"$(inherited)",
					"@executable_path/Frameworks",
				);
				PRODUCT_BUNDLE_IDENTIFIER = com.isoftstone.TreeDemo;
				PRODUCT_NAME = "$(TARGET_NAME)";
				TARGETED_DEVICE_FAMILY = "1,2";
			};
			name = Release;
		};
		C12283A621D3563F00E3462A /* Debug */ = {
			isa = XCBuildConfiguration;
			buildSettings = {
				BUNDLE_LOADER = "$(TEST_HOST)";
				CODE_SIGN_STYLE = Automatic;
				INFOPLIST_FILE = TreeDemoTests/Info.plist;
				LD_RUNPATH_SEARCH_PATHS = (
					"$(inherited)",
					"@executable_path/Frameworks",
					"@loader_path/Frameworks",
				);
				PRODUCT_BUNDLE_IDENTIFIER = com.isoftstone.TreeDemoTests;
				PRODUCT_NAME = "$(TARGET_NAME)";
				TARGETED_DEVICE_FAMILY = "1,2";
				TEST_HOST = "$(BUILT_PRODUCTS_DIR)/TreeDemo.app/TreeDemo";
			};
			name = Debug;
		};
		C12283A721D3563F00E3462A /* Release */ = {
			isa = XCBuildConfiguration;
			buildSettings = {
				BUNDLE_LOADER = "$(TEST_HOST)";
				CODE_SIGN_STYLE = Automatic;
				INFOPLIST_FILE = TreeDemoTests/Info.plist;
				LD_RUNPATH_SEARCH_PATHS = (
					"$(inherited)",
					"@executable_path/Frameworks",
					"@loader_path/Frameworks",
				);
				PRODUCT_BUNDLE_IDENTIFIER = com.isoftstone.TreeDemoTests;
				PRODUCT_NAME = "$(TARGET_NAME)";
				TARGETED_DEVICE_FAMILY = "1,2";
				TEST_HOST = "$(BUILT_PRODUCTS_DIR)/TreeDemo.app/TreeDemo";
			};
			name = Release;
		};
		C12283A921D3563F00E3462A /* Debug */ = {
			isa = XCBuildConfiguration;
			buildSettings = {
				CODE_SIGN_STYLE = Automatic;
				INFOPLIST_FILE = TreeDemoUITests/Info.plist;
				LD_RUNPATH_SEARCH_PATHS = (
					"$(inherited)",
					"@executable_path/Frameworks",
					"@loader_path/Frameworks",
				);
				PRODUCT_BUNDLE_IDENTIFIER = com.isoftstone.TreeDemoUITests;
				PRODUCT_NAME = "$(TARGET_NAME)";
				TARGETED_DEVICE_FAMILY = "1,2";
				TEST_TARGET_NAME = TreeDemo;
			};
			name = Debug;
		};
		C12283AA21D3563F00E3462A /* Release */ = {
			isa = XCBuildConfiguration;
			buildSettings = {
				CODE_SIGN_STYLE = Automatic;
				INFOPLIST_FILE = TreeDemoUITests/Info.plist;
				LD_RUNPATH_SEARCH_PATHS = (
					"$(inherited)",
					"@executable_path/Frameworks",
					"@loader_path/Frameworks",
				);
				PRODUCT_BUNDLE_IDENTIFIER = com.isoftstone.TreeDemoUITests;
				PRODUCT_NAME = "$(TARGET_NAME)";
				TARGETED_DEVICE_FAMILY = "1,2";
				TEST_TARGET_NAME = TreeDemo;
			};
			name = Release;
		};
/* End XCBuildConfiguration section */

/* Begin XCConfigurationList section */
		C122837121D3563700E3462A /* Build configuration list for PBXProject "TreeDemo" */ = {
			isa = XCConfigurationList;
			buildConfigurations = (
				C12283A021D3563F00E3462A /* Debug */,
				C12283A121D3563F00E3462A /* Release */,
			);
			defaultConfigurationIsVisible = 0;
			defaultConfigurationName = Release;
		};
		C12283A221D3563F00E3462A /* Build configuration list for PBXNativeTarget "TreeDemo" */ = {
			isa = XCConfigurationList;
			buildConfigurations = (
				C12283A321D3563F00E3462A /* Debug */,
				C12283A421D3563F00E3462A /* Release */,
			);
			defaultConfigurationIsVisible = 0;
			defaultConfigurationName = Release;
		};
		C12283A521D3563F00E3462A /* Build configuration list for PBXNativeTarget "TreeDemoTests" */ = {
			isa = XCConfigurationList;
			buildConfigurations = (
				C12283A621D3563F00E3462A /* Debug */,
				C12283A721D3563F00E3462A /* Release */,
			);
			defaultConfigurationIsVisible = 0;
			defaultConfigurationName = Release;
		};
		C12283A821D3563F00E3462A /* Build configuration list for PBXNativeTarget "TreeDemoUITests" */ = {
			isa = XCConfigurationList;
			buildConfigurations = (
				C12283A921D3563F00E3462A /* Debug */,
				C12283AA21D3563F00E3462A /* Release */,
			);
			defaultConfigurationIsVisible = 0;
			defaultConfigurationName = Release;
		};
/* End XCConfigurationList section */
	};
	rootObject = C122836E21D3563700E3462A /* Project object */;
}
